{
  "name": "theme",
  "lockfileVersion": 3,
  "requires": true,
  "packages": {
    "": {
      "devDependencies": {
        "daisyui": "^5.0.17"
      }
    },
    "node_modules/daisyui": {
      "version": "5.0.17",
      "resolved": "https://registry.npmjs.org/daisyui/-/daisyui-5.0.17.tgz",
      "integrity": "sha512-YV5PjYfIxvc6V35WEDn06y9KMpPXGSNgw5mckuV+RwKi0VCZlmGT3fY6gQFTcQDFCcPkJ8TOpEJHDBABI2C/dw==",
      "dev": true,
      "license": "MIT",
      "funding": {
        "url": "https://github.com/saadeghi/daisyui?sponsor=1"
      }
    }
  }
}
